
Microsoft Visual Studio Solution File, Format Version 12.00
# Visual Studio Version 16
VisualStudioVersion = 16.0.29123.88
MinimumVisualStudioVersion = 10.0.40219.1
Project("{FAE04EC0-301F-11D3-BF4B-00C04F79EFBC}") = "RanchTracker.DAL", "RanchTracker.DAL\RanchTracker.DAL.csproj", "{09DEFA49-E424-49FA-B7D4-6BD239C9BBF8}"
EndProject
Project("{FAE04EC0-301F-11D3-BF4B-00C04F79EFBC}") = "RanchTracker.BLL", "RanchTracker.BLL\RanchTracker.BLL.csproj", "{93CC64B6-4168-4065-863D-255706427F73}"
EndProject
Project("{FAE04EC0-301F-11D3-BF4B-00C04F79EFBC}") = "RanchTracker.UI.MVC", "RanchTracker.UI.MVC\RanchTracker.UI.MVC.csproj", "{51F03CA2-D757-4B4B-9F09-DBCFD3C15AFD}"
EndProject
Global
	GlobalSection(SolutionConfigurationPlatforms) = preSolution
		Debug|Any CPU = Debug|Any CPU
		Release|Any CPU = Release|Any CPU
	EndGlobalSection
	GlobalSection(ProjectConfigurationPlatforms) = postSolution
		{09DEFA49-E424-49FA-B7D4-6BD239C9BBF8}.Debug|Any CPU.ActiveCfg = Debug|Any CPU
		{09DEFA49-E424-49FA-B7D4-6BD239C9BBF8}.Debug|Any CPU.Build.0 = Debug|Any CPU
		{09DEFA49-E424-49FA-B7D4-6BD239C9BBF8}.Release|Any CPU.ActiveCfg = Release|Any CPU
		{09DEFA49-E424-49FA-B7D4-6BD239C9BBF8}.Release|Any CPU.Build.0 = Release|Any CPU
		{93CC64B6-4168-4065-863D-255706427F73}.Debug|Any CPU.ActiveCfg = Debug|Any CPU
		{93CC64B6-4168-4065-863D-255706427F73}.Debug|Any CPU.Build.0 = Debug|Any CPU
		{93CC64B6-4168-4065-863D-255706427F73}.Release|Any CPU.ActiveCfg = Release|Any CPU
		{93CC64B6-4168-4065-863D-255706427F73}.Release|Any CPU.Build.0 = Release|Any CPU
		{51F03CA2-D757-4B4B-9F09-DBCFD3C15AFD}.Debug|Any CPU.ActiveCfg = Debug|Any CPU
		{51F03CA2-D757-4B4B-9F09-DBCFD3C15AFD}.Debug|Any CPU.Build.0 = Debug|Any CPU
		{51F03CA2-D757-4B4B-9F09-DBCFD3C15AFD}.Release|Any CPU.ActiveCfg = Release|Any CPU
		{51F03CA2-D757-4B4B-9F09-DBCFD3C15AFD}.Release|Any CPU.Build.0 = Release|Any CPU
	EndGlobalSection
	GlobalSection(SolutionProperties) = preSolution
		HideSolutionNode = FALSE
	EndGlobalSection
	GlobalSection(ExtensibilityGlobals) = postSolution
		SolutionGuid = {3D81C02B-04F9-437B-906F-F356EC9B74E3}
	EndGlobalSection
EndGlobal
