
Microsoft Visual Studio Solution File, Format Version 12.00
# Visual Studio Version 16
VisualStudioVersion = 16.0.29123.88
MinimumVisualStudioVersion = 10.0.40219.1
Project("{FAE04EC0-301F-11D3-BF4B-00C04F79EFBC}") = "RanchApp.DAL", "RanchApp.DAL\RanchApp.DAL.csproj", "{2EDDD59A-E01C-44FC-B3D5-957E6A9FFD3E}"
EndProject
Project("{FAE04EC0-301F-11D3-BF4B-00C04F79EFBC}") = "RanchApp.BLL", "RanchApp.BLL\RanchApp.BLL.csproj", "{EC1E0133-E1F0-47A8-AD3C-09627511A98A}"
EndProject
Project("{FAE04EC0-301F-11D3-BF4B-00C04F79EFBC}") = "RanchApp.UI.MVC", "RanchApp.UI.MVC\RanchApp.UI.MVC.csproj", "{51F03CA2-D757-4B4B-9F09-DBCFD3C15AFD}"
EndProject
Global
	GlobalSection(SolutionConfigurationPlatforms) = preSolution
		Debug|Any CPU = Debug|Any CPU
		Release|Any CPU = Release|Any CPU
	EndGlobalSection
	GlobalSection(ProjectConfigurationPlatforms) = postSolution
		{2EDDD59A-E01C-44FC-B3D5-957E6A9FFD3E}.Debug|Any CPU.ActiveCfg = Debug|Any CPU
		{2EDDD59A-E01C-44FC-B3D5-957E6A9FFD3E}.Debug|Any CPU.Build.0 = Debug|Any CPU
		{2EDDD59A-E01C-44FC-B3D5-957E6A9FFD3E}.Release|Any CPU.ActiveCfg = Release|Any CPU
		{2EDDD59A-E01C-44FC-B3D5-957E6A9FFD3E}.Release|Any CPU.Build.0 = Release|Any CPU
		{EC1E0133-E1F0-47A8-AD3C-09627511A98A}.Debug|Any CPU.ActiveCfg = Debug|Any CPU
		{EC1E0133-E1F0-47A8-AD3C-09627511A98A}.Debug|Any CPU.Build.0 = Debug|Any CPU
		{EC1E0133-E1F0-47A8-AD3C-09627511A98A}.Release|Any CPU.ActiveCfg = Release|Any CPU
		{EC1E0133-E1F0-47A8-AD3C-09627511A98A}.Release|Any CPU.Build.0 = Release|Any CPU
		{51F03CA2-D757-4B4B-9F09-DBCFD3C15AFD}.Debug|Any CPU.ActiveCfg = Debug|Any CPU
		{51F03CA2-D757-4B4B-9F09-DBCFD3C15AFD}.Debug|Any CPU.Build.0 = Debug|Any CPU
		{51F03CA2-D757-4B4B-9F09-DBCFD3C15AFD}.Release|Any CPU.ActiveCfg = Release|Any CPU
		{51F03CA2-D757-4B4B-9F09-DBCFD3C15AFD}.Release|Any CPU.Build.0 = Release|Any CPU
	EndGlobalSection
	GlobalSection(SolutionProperties) = preSolution
		HideSolutionNode = FALSE
	EndGlobalSection
	GlobalSection(ExtensibilityGlobals) = postSolution
		SolutionGuid = {3D81C02B-04F9-437B-906F-F356EC9B74E3}
	EndGlobalSection
EndGlobal
